<?xml version="1.0" encoding="utf-8"?>
<Project ToolsVersion="4.0" xmlns="http://schemas.microsoft.com/developer/msbuild/2003">
  <ItemGroup>
    <Filter Include="Source Files">
      <UniqueIdentifier>{5866f574-a298-4e95-8af7-7fb7be44bfed}</UniqueIdentifier>
      <Extensions>cpp;c;cxx;rc;def;r;odl;idl;hpj;bat</Extensions>
    </Filter>
    <Filter Include="Header Files">
      <UniqueIdentifier>{e257affb-81e3-45fd-81cc-b2c97bc2c002}</UniqueIdentifier>
      <Extensions>h;hpp;hxx;hm;inl</Extensions>
    </Filter>
    <Filter Include="Resource Files">
      <UniqueIdentifier>{e2d6bf62-83d7-48d7-845b-e43b48a2d983}</UniqueIdentifier>
      <Extensions>ico;cur;bmp;dlg;rc2;rct;bin;rgs;gif;jpg;jpeg;jpe</Extensions>
    </Filter>
  </ItemGroup>
  <ItemGroup>
    <ClCompile Include="black_layered.cpp">
      <Filter>Source Files</Filter>
    </ClCompile>
    <ClCompile Include="buildtime.cpp">
      <Filter>Source Files</Filter>
    </ClCompile>
    <ClCompile Include="..\..\DSMPlugin\DSMPlugin.cpp">
      <Filter>Source Files</Filter>
    </ClCompile>
    <ClCompile Include="Dtwinver.cpp">
      <Filter>Source Files</Filter>
    </ClCompile>
    <ClCompile Include="HideDesktop.cpp">
      <Filter>Source Files</Filter>
    </ClCompile>
    <ClCompile Include="IPC.cpp">
      <Filter>Source Files</Filter>
    </ClCompile>
    <ClCompile Include="rebootsafemode.cpp">
      <Filter>Source Files</Filter>
    </ClCompile>
    <ClCompile Include="rfbRegion_win32.cpp">
      <Filter>Source Files</Filter>
    </ClCompile>
    <ClCompile Include="rfbUpdateTracker.cpp">
      <Filter>Source Files</Filter>
    </ClCompile>
    <ClCompile Include="stdhdrs.cpp">
      <Filter>Source Files</Filter>
    </ClCompile>
    <ClCompile Include="tableinitcmtemplate.cpp">
      <Filter>Source Files</Filter>
    </ClCompile>
    <ClCompile Include="tableinittctemplate.cpp">
      <Filter>Source Files</Filter>
    </ClCompile>
    <ClCompile Include="tabletranstemplate.cpp">
      <Filter>Source Files</Filter>
    </ClCompile>
    <ClCompile Include="Test.cpp">
      <Filter>Source Files</Filter>
    </ClCompile>
    <ClCompile Include="TextChat.cpp">
      <Filter>Source Files</Filter>
    </ClCompile>
    <ClCompile Include="translate.cpp">
      <Filter>Source Files</Filter>
    </ClCompile>
    <ClCompile Include="videodriver.cpp">
      <Filter>Source Files</Filter>
    </ClCompile>
    <ClCompile Include="vncabout.cpp">
      <Filter>Source Files</Filter>
    </ClCompile>
    <ClCompile Include="vncbuffer.cpp">
      <Filter>Source Files</Filter>
    </ClCompile>
    <ClCompile Include="vncclient.cpp">
      <Filter>Source Files</Filter>
    </ClCompile>
    <ClCompile Include="vncdesktop.cpp">
      <Filter>Source Files</Filter>
    </ClCompile>
    <ClCompile Include="vncDesktopSW.cpp">
      <Filter>Source Files</Filter>
    </ClCompile>
    <ClCompile Include="vncdesktopthread.cpp">
      <Filter>Source Files</Filter>
    </ClCompile>
    <ClCompile Include="vncencodehext.cpp">
      <Filter>Source Files</Filter>
    </ClCompile>
    <ClCompile Include="vncencoder.cpp">
      <Filter>Source Files</Filter>
    </ClCompile>
    <ClCompile Include="vncencoderCursor.cpp">
      <Filter>Source Files</Filter>
    </ClCompile>
    <ClCompile Include="vncencodezrle.cpp">
      <Filter>Source Files</Filter>
    </ClCompile>
    <ClCompile Include="vncinsthandler.cpp">
      <Filter>Source Files</Filter>
    </ClCompile>
    <ClCompile Include="vnckeymap.cpp">
      <Filter>Source Files</Filter>
    </ClCompile>
    <ClCompile Include="vnclog.cpp">
      <Filter>Source Files</Filter>
    </ClCompile>
    <ClCompile Include="vncmenu.cpp">
      <Filter>Source Files</Filter>
    </ClCompile>
    <ClCompile Include="vncMultiMonitor.cpp">
      <Filter>Source Files</Filter>
    </ClCompile>
    <ClCompile Include="vncOSVersion.cpp">
      <Filter>Source Files</Filter>
    </ClCompile>
    <ClCompile Include="vncproperties.cpp">
      <Filter>Source Files</Filter>
    </ClCompile>
    <ClCompile Include="vncpropertiesPoll.cpp">
      <Filter>Source Files</Filter>
    </ClCompile>
    <ClCompile Include="vncserver.cpp">
      <Filter>Source Files</Filter>
    </ClCompile>
    <ClCompile Include="vncservice.cpp">
      <Filter>Source Files</Filter>
    </ClCompile>
    <ClCompile Include="vncsockconnect.cpp">
      <Filter>Source Files</Filter>
    </ClCompile>
    <ClCompile Include="vsocket.cpp">
      <Filter>Source Files</Filter>
    </ClCompile>
    <ClCompile Include="winvnc.cpp">
      <Filter>Source Files</Filter>
    </ClCompile>
    <ClCompile Include="..\..\ZipUnZip32\ZipUnzip32.cpp">
      <Filter>Source Files</Filter>
    </ClCompile>
    <ClCompile Include="ScreenCapture.cpp">
      <Filter>Source Files</Filter>
    </ClCompile>
    <ClCompile Include="DeskdupEngine.cpp">
      <Filter>Source Files</Filter>
    </ClCompile>
  </ItemGroup>
  <ItemGroup>
    <ResourceCompile Include="winvnc.rc">
      <Filter>Source Files</Filter>
    </ResourceCompile>
  </ItemGroup>
  <ItemGroup>
    <ClInclude Include="..\..\DSMPlugin\DSMPlugin.h">
      <Filter>Header Files</Filter>
    </ClInclude>
    <ClInclude Include="Dtwinver.h">
      <Filter>Header Files</Filter>
    </ClInclude>
    <ClInclude Include="IPC.h">
      <Filter>Header Files</Filter>
    </ClInclude>
    <ClInclude Include="keysymdef.h">
      <Filter>Header Files</Filter>
    </ClInclude>
    <ClInclude Include="MultiMon.h">
      <Filter>Header Files</Filter>
    </ClInclude>
    <ClInclude Include="resource.h">
      <Filter>Header Files</Filter>
    </ClInclude>
    <ClInclude Include="rfb.h">
      <Filter>Header Files</Filter>
    </ClInclude>
    <ClInclude Include="rfbMisc.h">
      <Filter>Header Files</Filter>
    </ClInclude>
    <ClInclude Include="rfbRect.h">
      <Filter>Header Files</Filter>
    </ClInclude>
    <ClInclude Include="rfbRegion.h">
      <Filter>Header Files</Filter>
    </ClInclude>
    <ClInclude Include="rfbRegion_X11.h">
      <Filter>Header Files</Filter>
    </ClInclude>
    <ClInclude Include="rfbUpdateTracker.h">
      <Filter>Header Files</Filter>
    </ClInclude>
    <ClInclude Include="stdhdrs.h">
      <Filter>Header Files</Filter>
    </ClInclude>
    <ClInclude Include="TextChat.h">
      <Filter>Header Files</Filter>
    </ClInclude>
    <ClInclude Include="translate.h">
      <Filter>Header Files</Filter>
    </ClInclude>
    <ClInclude Include="videodriver.h">
      <Filter>Header Files</Filter>
    </ClInclude>
    <ClInclude Include="vncabout.h">
      <Filter>Header Files</Filter>
    </ClInclude>
    <ClInclude Include="vncacceptdialog.h">
      <Filter>Header Files</Filter>
    </ClInclude>
    <ClInclude Include="vncbuffer.h">
      <Filter>Header Files</Filter>
    </ClInclude>
    <ClInclude Include="vncclient.h">
      <Filter>Header Files</Filter>
    </ClInclude>
    <ClInclude Include="vncdesktop.h">
      <Filter>Header Files</Filter>
    </ClInclude>
    <ClInclude Include="vncdesktopthread.h">
      <Filter>Header Files</Filter>
    </ClInclude>
    <ClInclude Include="vncencodehext.h">
      <Filter>Header Files</Filter>
    </ClInclude>
    <ClInclude Include="vncencodemgr.h">
      <Filter>Header Files</Filter>
    </ClInclude>
    <ClInclude Include="vncencoder.h">
      <Filter>Header Files</Filter>
    </ClInclude>
    <ClInclude Include="vncencodezrle.h">
      <Filter>Header Files</Filter>
    </ClInclude>
    <ClInclude Include="vncinsthandler.h">
      <Filter>Header Files</Filter>
    </ClInclude>
    <ClInclude Include="vnckeymap.h">
      <Filter>Header Files</Filter>
    </ClInclude>
    <ClInclude Include="vnclog.h">
      <Filter>Header Files</Filter>
    </ClInclude>
    <ClInclude Include="vncmenu.h">
      <Filter>Header Files</Filter>
    </ClInclude>
    <ClInclude Include="vncproperties.h">
      <Filter>Header Files</Filter>
    </ClInclude>
    <ClInclude Include="vncpropertiesPoll.h">
      <Filter>Header Files</Filter>
    </ClInclude>
    <ClInclude Include="vncpropPath.h">
      <Filter>Header Files</Filter>
    </ClInclude>
    <ClInclude Include="vncserver.h">
      <Filter>Header Files</Filter>
    </ClInclude>
    <ClInclude Include="vncservice.h">
      <Filter>Header Files</Filter>
    </ClInclude>
    <ClInclude Include="vncsockconnect.h">
      <Filter>Header Files</Filter>
    </ClInclude>
    <ClInclude Include="vsocket.h">
      <Filter>Header Files</Filter>
    </ClInclude>
    <ClInclude Include="vtypes.h">
      <Filter>Header Files</Filter>
    </ClInclude>
    <ClInclude Include="winvnc.h">
      <Filter>Header Files</Filter>
    </ClInclude>
    <ClInclude Include="..\..\ZipUnZip32\ZipUnZip32.h">
      <Filter>Header Files</Filter>
    </ClInclude>
    <ClInclude Include="ScreenCapture.h">
      <Filter>Source Files</Filter>
    </ClInclude>
  </ItemGroup>
  <ItemGroup>
    <Manifest Include="winvnc.exe.manifest" />
  </ItemGroup>
  <ItemGroup>
    <CustomBuild Include="res\background.bmp">
      <Filter>Resource Files</Filter>
    </CustomBuild>
    <CustomBuild Include="res\background2.bmp">
      <Filter>Resource Files</Filter>
    </CustomBuild>
    <CustomBuild Include="res\ico00001.ico">
      <Filter>Resource Files</Filter>
    </CustomBuild>
    <CustomBuild Include="res\icon1.ico">
      <Filter>Resource Files</Filter>
    </CustomBuild>
    <CustomBuild Include="res\icon2.ico">
      <Filter>Resource Files</Filter>
    </CustomBuild>
    <CustomBuild Include="res\Image1.bmp">
      <Filter>Resource Files</Filter>
    </CustomBuild>
    <CustomBuild Include="Image2.bmp">
      <Filter>Resource Files</Filter>
    </CustomBuild>
    <CustomBuild Include="res\Image2.bmp">
      <Filter>Resource Files</Filter>
    </CustomBuild>
    <CustomBuild Include="res\rfbproto.class">
      <Filter>Resource Files</Filter>
    </CustomBuild>
    <CustomBuild Include="res\vdacc.bmp">
      <Filter>Resource Files</Filter>
    </CustomBuild>
    <CustomBuild Include="res\vnc-1.bmp">
      <Filter>Resource Files</Filter>
    </CustomBuild>
    <CustomBuild Include="res\vnc-1.ico">
      <Filter>Resource Files</Filter>
    </CustomBuild>
    <CustomBuild Include="res\vnc.bmp">
      <Filter>Resource Files</Filter>
    </CustomBuild>
    <CustomBuild Include="vnc.bmp">
      <Filter>Resource Files</Filter>
    </CustomBuild>
    <CustomBuild Include="res\vnc64.BMP">
      <Filter>Resource Files</Filter>
    </CustomBuild>
    <CustomBuild Include="res\winvnc.ico">
      <Filter>Resource Files</Filter>
    </CustomBuild>
    <CustomBuild Include="res\world3a.ico">
      <Filter>Resource Files</Filter>
    </CustomBuild>
    <CustomBuild Include="res\ww-grn-sq2.ico">
      <Filter>Resource Files</Filter>
    </CustomBuild>
  </ItemGroup>
</Project>